
Microsoft Visual Studio Solution File, Format Version 12.00
# Visual Studio Version 16
VisualStudioVersion = 16.0.30413.136
MinimumVisualStudioVersion = 10.0.40219.1
Project("{FAE04EC0-301F-11D3-BF4B-00C04F79EFBC}") = "lab-2", "lab-2\lab-2.csproj", "{9CECF4AD-75D3-4A7D-A1AE-4E5B76E47069}"
EndProject
Global
	GlobalSection(SolutionConfigurationPlatforms) = preSolution
		Debug|Any CPU = Debug|Any CPU
		Release|Any CPU = Release|Any CPU
	EndGlobalSection
	GlobalSection(ProjectConfigurationPlatforms) = postSolution
		{9CECF4AD-75D3-4A7D-A1AE-4E5B76E47069}.Debug|Any CPU.ActiveCfg = Debug|Any CPU
		{9CECF4AD-75D3-4A7D-A1AE-4E5B76E47069}.Debug|Any CPU.Build.0 = Debug|Any CPU
		{9CECF4AD-75D3-4A7D-A1AE-4E5B76E47069}.Release|Any CPU.ActiveCfg = Release|Any CPU
		{9CECF4AD-75D3-4A7D-A1AE-4E5B76E47069}.Release|Any CPU.Build.0 = Release|Any CPU
	EndGlobalSection
	GlobalSection(SolutionProperties) = preSolution
		HideSolutionNode = FALSE
	EndGlobalSection
	GlobalSection(ExtensibilityGlobals) = postSolution
		SolutionGuid = {C9310C87-5B8F-4223-83AF-7F7046236E82}
	EndGlobalSection
EndGlobal
