
Microsoft Visual Studio Solution File, Format Version 12.00
# Visual Studio Version 16
VisualStudioVersion = 16.0.30611.23
MinimumVisualStudioVersion = 10.0.40219.1
Project("{FAE04EC0-301F-11D3-BF4B-00C04F79EFBC}") = "lab-8", "lab-8\lab-8.csproj", "{A04EDA5B-2F5F-4169-9F5B-3BACDD9B6F92}"
EndProject
Global
	GlobalSection(SolutionConfigurationPlatforms) = preSolution
		Debug|Any CPU = Debug|Any CPU
		Release|Any CPU = Release|Any CPU
	EndGlobalSection
	GlobalSection(ProjectConfigurationPlatforms) = postSolution
		{A04EDA5B-2F5F-4169-9F5B-3BACDD9B6F92}.Debug|Any CPU.ActiveCfg = Debug|Any CPU
		{A04EDA5B-2F5F-4169-9F5B-3BACDD9B6F92}.Debug|Any CPU.Build.0 = Debug|Any CPU
		{A04EDA5B-2F5F-4169-9F5B-3BACDD9B6F92}.Release|Any CPU.ActiveCfg = Release|Any CPU
		{A04EDA5B-2F5F-4169-9F5B-3BACDD9B6F92}.Release|Any CPU.Build.0 = Release|Any CPU
	EndGlobalSection
	GlobalSection(SolutionProperties) = preSolution
		HideSolutionNode = FALSE
	EndGlobalSection
	GlobalSection(ExtensibilityGlobals) = postSolution
		SolutionGuid = {DDEFC470-A1C4-4B5B-A5E1-34ACA344C0BF}
	EndGlobalSection
EndGlobal
