
Microsoft Visual Studio Solution File, Format Version 12.00
# Visual Studio Version 16
VisualStudioVersion = 16.0.30611.23
MinimumVisualStudioVersion = 10.0.40219.1
Project("{FAE04EC0-301F-11D3-BF4B-00C04F79EFBC}") = "SyndicationServiceLibrary", "SyndicationServiceLibrary\SyndicationServiceLibrary.csproj", "{4587621B-7A4C-43C3-8EB0-0CBA01E79249}"
EndProject
Project("{FAE04EC0-301F-11D3-BF4B-00C04F79EFBC}") = "Host", "Host\Host.csproj", "{08DD688F-AC1E-48C6-B2D6-AF8CE1A1EA36}"
EndProject
Project("{FAE04EC0-301F-11D3-BF4B-00C04F79EFBC}") = "Client", "Client\Client.csproj", "{09ED8261-1CB9-4AC0-A79B-C92ACA267958}"
EndProject
Global
	GlobalSection(SolutionConfigurationPlatforms) = preSolution
		Debug|Any CPU = Debug|Any CPU
		Release|Any CPU = Release|Any CPU
	EndGlobalSection
	GlobalSection(ProjectConfigurationPlatforms) = postSolution
		{4587621B-7A4C-43C3-8EB0-0CBA01E79249}.Debug|Any CPU.ActiveCfg = Debug|Any CPU
		{4587621B-7A4C-43C3-8EB0-0CBA01E79249}.Debug|Any CPU.Build.0 = Debug|Any CPU
		{4587621B-7A4C-43C3-8EB0-0CBA01E79249}.Release|Any CPU.ActiveCfg = Release|Any CPU
		{4587621B-7A4C-43C3-8EB0-0CBA01E79249}.Release|Any CPU.Build.0 = Release|Any CPU
		{08DD688F-AC1E-48C6-B2D6-AF8CE1A1EA36}.Debug|Any CPU.ActiveCfg = Debug|Any CPU
		{08DD688F-AC1E-48C6-B2D6-AF8CE1A1EA36}.Debug|Any CPU.Build.0 = Debug|Any CPU
		{08DD688F-AC1E-48C6-B2D6-AF8CE1A1EA36}.Release|Any CPU.ActiveCfg = Release|Any CPU
		{08DD688F-AC1E-48C6-B2D6-AF8CE1A1EA36}.Release|Any CPU.Build.0 = Release|Any CPU
		{09ED8261-1CB9-4AC0-A79B-C92ACA267958}.Debug|Any CPU.ActiveCfg = Debug|Any CPU
		{09ED8261-1CB9-4AC0-A79B-C92ACA267958}.Debug|Any CPU.Build.0 = Debug|Any CPU
		{09ED8261-1CB9-4AC0-A79B-C92ACA267958}.Release|Any CPU.ActiveCfg = Release|Any CPU
		{09ED8261-1CB9-4AC0-A79B-C92ACA267958}.Release|Any CPU.Build.0 = Release|Any CPU
	EndGlobalSection
	GlobalSection(SolutionProperties) = preSolution
		HideSolutionNode = FALSE
	EndGlobalSection
	GlobalSection(ExtensibilityGlobals) = postSolution
		SolutionGuid = {D3158DE0-82D0-4DF6-B75E-6500D2D993C0}
	EndGlobalSection
EndGlobal
